
Microsoft Visual Studio Solution File, Format Version 12.00
# Visual Studio Version 17
VisualStudioVersion = 17.9.34728.123
MinimumVisualStudioVersion = 10.0.40219.1
Project("{FAE04EC0-301F-11D3-BF4B-00C04F79EFBC}") = "EFcorefirstTask", "EFcorefirstTask\EFcorefirstTask.csproj", "{AC0F0090-969D-4421-B53C-13D575D58048}"
EndProject
Global
	GlobalSection(SolutionConfigurationPlatforms) = preSolution
		Debug|Any CPU = Debug|Any CPU
		Release|Any CPU = Release|Any CPU
	EndGlobalSection
	GlobalSection(ProjectConfigurationPlatforms) = postSolution
		{AC0F0090-969D-4421-B53C-13D575D58048}.Debug|Any CPU.ActiveCfg = Debug|Any CPU
		{AC0F0090-969D-4421-B53C-13D575D58048}.Debug|Any CPU.Build.0 = Debug|Any CPU
		{AC0F0090-969D-4421-B53C-13D575D58048}.Release|Any CPU.ActiveCfg = Release|Any CPU
		{AC0F0090-969D-4421-B53C-13D575D58048}.Release|Any CPU.Build.0 = Release|Any CPU
	EndGlobalSection
	GlobalSection(SolutionProperties) = preSolution
		HideSolutionNode = FALSE
	EndGlobalSection
	GlobalSection(ExtensibilityGlobals) = postSolution
		SolutionGuid = {E89B89B0-8C75-46DB-993B-584C038C858D}
	EndGlobalSection
EndGlobal
